
Microsoft Visual Studio Solution File, Format Version 12.00
# Visual Studio Version 17
VisualStudioVersion = 17.0.31903.59
MinimumVisualStudioVersion = 10.0.40219.1
Project("{2150E333-8FDC-42A3-9474-1A3956D46DE8}") = "src", "src", "{827E0CD3-B72D-47B6-A68D-7590B98EB39B}"
EndProject
Project("{FAE04EC0-301F-11D3-BF4B-00C04F79EFBC}") = "Template.API", "src\Template.API\Template.API.csproj", "{D0A7386B-A6F0-4ECE-887F-071DEB3414AB}"
EndProject
Project("{FAE04EC0-301F-11D3-BF4B-00C04F79EFBC}") = "Template.Application", "src\Template.Application\Template.Application.csproj", "{DED6E745-0F83-41E4-B95A-2977EE131E10}"
EndProject
Project("{FAE04EC0-301F-11D3-BF4B-00C04F79EFBC}") = "Template.Domain", "src\Template.Domain\Template.Domain.csproj", "{4C252D35-791C-44F5-AE4C-1594D7CFDE20}"
EndProject
Project("{FAE04EC0-301F-11D3-BF4B-00C04F79EFBC}") = "Template.Infrastructure", "src\Template.Infrastructure\Template.Infrastructure.csproj", "{34023415-9D75-49A9-AEB1-4E5400BEC777}"
EndProject
Project("{FAE04EC0-301F-11D3-BF4B-00C04F79EFBC}") = "Template.Persistence", "src\Template.Persistence\Template.Persistence.csproj", "{14B3C7AC-82D2-41C9-8690-7E22B6E04CB6}"
EndProject
Project("{2150E333-8FDC-42A3-9474-1A3956D46DE8}") = "tests", "tests", "{0AB3BF05-4346-4AA6-1389-037BE0695223}"
EndProject
Project("{FAE04EC0-301F-11D3-BF4B-00C04F79EFBC}") = "Template.Application.Tests", "tests\Template.Application.Tests\Template.Application.Tests.csproj", "{A0314467-2190-4A6C-9028-63F7FC61D625}"
EndProject
Project("{FAE04EC0-301F-11D3-BF4B-00C04F79EFBC}") = "Template.Infrastructure.Tests", "tests\Template.Infrastructure.Tests\Template.Infrastructure.Tests.csproj", "{AFA506E1-3253-4B48-8F0C-573DC13BE141}"
EndProject
Global
	GlobalSection(SolutionConfigurationPlatforms) = preSolution
		Debug|Any CPU = Debug|Any CPU
		Debug|x64 = Debug|x64
		Debug|x86 = Debug|x86
		Release|Any CPU = Release|Any CPU
		Release|x64 = Release|x64
		Release|x86 = Release|x86
	EndGlobalSection
	GlobalSection(ProjectConfigurationPlatforms) = postSolution
		{D0A7386B-A6F0-4ECE-887F-071DEB3414AB}.Debug|Any CPU.ActiveCfg = Debug|Any CPU
		{D0A7386B-A6F0-4ECE-887F-071DEB3414AB}.Debug|Any CPU.Build.0 = Debug|Any CPU
		{D0A7386B-A6F0-4ECE-887F-071DEB3414AB}.Debug|x64.ActiveCfg = Debug|Any CPU
		{D0A7386B-A6F0-4ECE-887F-071DEB3414AB}.Debug|x64.Build.0 = Debug|Any CPU
		{D0A7386B-A6F0-4ECE-887F-071DEB3414AB}.Debug|x86.ActiveCfg = Debug|Any CPU
		{D0A7386B-A6F0-4ECE-887F-071DEB3414AB}.Debug|x86.Build.0 = Debug|Any CPU
		{D0A7386B-A6F0-4ECE-887F-071DEB3414AB}.Release|Any CPU.ActiveCfg = Release|Any CPU
		{D0A7386B-A6F0-4ECE-887F-071DEB3414AB}.Release|Any CPU.Build.0 = Release|Any CPU
		{D0A7386B-A6F0-4ECE-887F-071DEB3414AB}.Release|x64.ActiveCfg = Release|Any CPU
		{D0A7386B-A6F0-4ECE-887F-071DEB3414AB}.Release|x64.Build.0 = Release|Any CPU
		{D0A7386B-A6F0-4ECE-887F-071DEB3414AB}.Release|x86.ActiveCfg = Release|Any CPU
		{D0A7386B-A6F0-4ECE-887F-071DEB3414AB}.Release|x86.Build.0 = Release|Any CPU
		{DED6E745-0F83-41E4-B95A-2977EE131E10}.Debug|Any CPU.ActiveCfg = Debug|Any CPU
		{DED6E745-0F83-41E4-B95A-2977EE131E10}.Debug|Any CPU.Build.0 = Debug|Any CPU
		{DED6E745-0F83-41E4-B95A-2977EE131E10}.Debug|x64.ActiveCfg = Debug|Any CPU
		{DED6E745-0F83-41E4-B95A-2977EE131E10}.Debug|x64.Build.0 = Debug|Any CPU
		{DED6E745-0F83-41E4-B95A-2977EE131E10}.Debug|x86.ActiveCfg = Debug|Any CPU
		{DED6E745-0F83-41E4-B95A-2977EE131E10}.Debug|x86.Build.0 = Debug|Any CPU
		{DED6E745-0F83-41E4-B95A-2977EE131E10}.Release|Any CPU.ActiveCfg = Release|Any CPU
		{DED6E745-0F83-41E4-B95A-2977EE131E10}.Release|Any CPU.Build.0 = Release|Any CPU
		{DED6E745-0F83-41E4-B95A-2977EE131E10}.Release|x64.ActiveCfg = Release|Any CPU
		{DED6E745-0F83-41E4-B95A-2977EE131E10}.Release|x64.Build.0 = Release|Any CPU
		{DED6E745-0F83-41E4-B95A-2977EE131E10}.Release|x86.ActiveCfg = Release|Any CPU
		{DED6E745-0F83-41E4-B95A-2977EE131E10}.Release|x86.Build.0 = Release|Any CPU
		{4C252D35-791C-44F5-AE4C-1594D7CFDE20}.Debug|Any CPU.ActiveCfg = Debug|Any CPU
		{4C252D35-791C-44F5-AE4C-1594D7CFDE20}.Debug|Any CPU.Build.0 = Debug|Any CPU
		{4C252D35-791C-44F5-AE4C-1594D7CFDE20}.Debug|x64.ActiveCfg = Debug|Any CPU
		{4C252D35-791C-44F5-AE4C-1594D7CFDE20}.Debug|x64.Build.0 = Debug|Any CPU
		{4C252D35-791C-44F5-AE4C-1594D7CFDE20}.Debug|x86.ActiveCfg = Debug|Any CPU
		{4C252D35-791C-44F5-AE4C-1594D7CFDE20}.Debug|x86.Build.0 = Debug|Any CPU
		{4C252D35-791C-44F5-AE4C-1594D7CFDE20}.Release|Any CPU.ActiveCfg = Release|Any CPU
		{4C252D35-791C-44F5-AE4C-1594D7CFDE20}.Release|Any CPU.Build.0 = Release|Any CPU
		{4C252D35-791C-44F5-AE4C-1594D7CFDE20}.Release|x64.ActiveCfg = Release|Any CPU
		{4C252D35-791C-44F5-AE4C-1594D7CFDE20}.Release|x64.Build.0 = Release|Any CPU
		{4C252D35-791C-44F5-AE4C-1594D7CFDE20}.Release|x86.ActiveCfg = Release|Any CPU
		{4C252D35-791C-44F5-AE4C-1594D7CFDE20}.Release|x86.Build.0 = Release|Any CPU
		{34023415-9D75-49A9-AEB1-4E5400BEC777}.Debug|Any CPU.ActiveCfg = Debug|Any CPU
		{34023415-9D75-49A9-AEB1-4E5400BEC777}.Debug|Any CPU.Build.0 = Debug|Any CPU
		{34023415-9D75-49A9-AEB1-4E5400BEC777}.Debug|x64.ActiveCfg = Debug|Any CPU
		{34023415-9D75-49A9-AEB1-4E5400BEC777}.Debug|x64.Build.0 = Debug|Any CPU
		{34023415-9D75-49A9-AEB1-4E5400BEC777}.Debug|x86.ActiveCfg = Debug|Any CPU
		{34023415-9D75-49A9-AEB1-4E5400BEC777}.Debug|x86.Build.0 = Debug|Any CPU
		{34023415-9D75-49A9-AEB1-4E5400BEC777}.Release|Any CPU.ActiveCfg = Release|Any CPU
		{34023415-9D75-49A9-AEB1-4E5400BEC777}.Release|Any CPU.Build.0 = Release|Any CPU
		{34023415-9D75-49A9-AEB1-4E5400BEC777}.Release|x64.ActiveCfg = Release|Any CPU
		{34023415-9D75-49A9-AEB1-4E5400BEC777}.Release|x64.Build.0 = Release|Any CPU
		{34023415-9D75-49A9-AEB1-4E5400BEC777}.Release|x86.ActiveCfg = Release|Any CPU
		{34023415-9D75-49A9-AEB1-4E5400BEC777}.Release|x86.Build.0 = Release|Any CPU
		{14B3C7AC-82D2-41C9-8690-7E22B6E04CB6}.Debug|Any CPU.ActiveCfg = Debug|Any CPU
		{14B3C7AC-82D2-41C9-8690-7E22B6E04CB6}.Debug|Any CPU.Build.0 = Debug|Any CPU
		{14B3C7AC-82D2-41C9-8690-7E22B6E04CB6}.Debug|x64.ActiveCfg = Debug|Any CPU
		{14B3C7AC-82D2-41C9-8690-7E22B6E04CB6}.Debug|x64.Build.0 = Debug|Any CPU
		{14B3C7AC-82D2-41C9-8690-7E22B6E04CB6}.Debug|x86.ActiveCfg = Debug|Any CPU
		{14B3C7AC-82D2-41C9-8690-7E22B6E04CB6}.Debug|x86.Build.0 = Debug|Any CPU
		{14B3C7AC-82D2-41C9-8690-7E22B6E04CB6}.Release|Any CPU.ActiveCfg = Release|Any CPU
		{14B3C7AC-82D2-41C9-8690-7E22B6E04CB6}.Release|Any CPU.Build.0 = Release|Any CPU
		{14B3C7AC-82D2-41C9-8690-7E22B6E04CB6}.Release|x64.ActiveCfg = Release|Any CPU
		{14B3C7AC-82D2-41C9-8690-7E22B6E04CB6}.Release|x64.Build.0 = Release|Any CPU
		{14B3C7AC-82D2-41C9-8690-7E22B6E04CB6}.Release|x86.ActiveCfg = Release|Any CPU
		{14B3C7AC-82D2-41C9-8690-7E22B6E04CB6}.Release|x86.Build.0 = Release|Any CPU
		{A0314467-2190-4A6C-9028-63F7FC61D625}.Debug|Any CPU.ActiveCfg = Debug|Any CPU
		{A0314467-2190-4A6C-9028-63F7FC61D625}.Debug|Any CPU.Build.0 = Debug|Any CPU
		{A0314467-2190-4A6C-9028-63F7FC61D625}.Debug|x64.ActiveCfg = Debug|Any CPU
		{A0314467-2190-4A6C-9028-63F7FC61D625}.Debug|x64.Build.0 = Debug|Any CPU
		{A0314467-2190-4A6C-9028-63F7FC61D625}.Debug|x86.ActiveCfg = Debug|Any CPU
		{A0314467-2190-4A6C-9028-63F7FC61D625}.Debug|x86.Build.0 = Debug|Any CPU
		{A0314467-2190-4A6C-9028-63F7FC61D625}.Release|Any CPU.ActiveCfg = Release|Any CPU
		{A0314467-2190-4A6C-9028-63F7FC61D625}.Release|Any CPU.Build.0 = Release|Any CPU
		{A0314467-2190-4A6C-9028-63F7FC61D625}.Release|x64.ActiveCfg = Release|Any CPU
		{A0314467-2190-4A6C-9028-63F7FC61D625}.Release|x64.Build.0 = Release|Any CPU
		{A0314467-2190-4A6C-9028-63F7FC61D625}.Release|x86.ActiveCfg = Release|Any CPU
		{A0314467-2190-4A6C-9028-63F7FC61D625}.Release|x86.Build.0 = Release|Any CPU
		{AFA506E1-3253-4B48-8F0C-573DC13BE141}.Debug|Any CPU.ActiveCfg = Debug|Any CPU
		{AFA506E1-3253-4B48-8F0C-573DC13BE141}.Debug|Any CPU.Build.0 = Debug|Any CPU
		{AFA506E1-3253-4B48-8F0C-573DC13BE141}.Debug|x64.ActiveCfg = Debug|Any CPU
		{AFA506E1-3253-4B48-8F0C-573DC13BE141}.Debug|x64.Build.0 = Debug|Any CPU
		{AFA506E1-3253-4B48-8F0C-573DC13BE141}.Debug|x86.ActiveCfg = Debug|Any CPU
		{AFA506E1-3253-4B48-8F0C-573DC13BE141}.Debug|x86.Build.0 = Debug|Any CPU
		{AFA506E1-3253-4B48-8F0C-573DC13BE141}.Release|Any CPU.ActiveCfg = Release|Any CPU
		{AFA506E1-3253-4B48-8F0C-573DC13BE141}.Release|Any CPU.Build.0 = Release|Any CPU
		{AFA506E1-3253-4B48-8F0C-573DC13BE141}.Release|x64.ActiveCfg = Release|Any CPU
		{AFA506E1-3253-4B48-8F0C-573DC13BE141}.Release|x64.Build.0 = Release|Any CPU
		{AFA506E1-3253-4B48-8F0C-573DC13BE141}.Release|x86.ActiveCfg = Release|Any CPU
		{AFA506E1-3253-4B48-8F0C-573DC13BE141}.Release|x86.Build.0 = Release|Any CPU
	EndGlobalSection
	GlobalSection(SolutionProperties) = preSolution
		HideSolutionNode = FALSE
	EndGlobalSection
	GlobalSection(NestedProjects) = preSolution
		{D0A7386B-A6F0-4ECE-887F-071DEB3414AB} = {827E0CD3-B72D-47B6-A68D-7590B98EB39B}
		{DED6E745-0F83-41E4-B95A-2977EE131E10} = {827E0CD3-B72D-47B6-A68D-7590B98EB39B}
		{4C252D35-791C-44F5-AE4C-1594D7CFDE20} = {827E0CD3-B72D-47B6-A68D-7590B98EB39B}
		{34023415-9D75-49A9-AEB1-4E5400BEC777} = {827E0CD3-B72D-47B6-A68D-7590B98EB39B}
		{14B3C7AC-82D2-41C9-8690-7E22B6E04CB6} = {827E0CD3-B72D-47B6-A68D-7590B98EB39B}
		{A0314467-2190-4A6C-9028-63F7FC61D625} = {0AB3BF05-4346-4AA6-1389-037BE0695223}
		{AFA506E1-3253-4B48-8F0C-573DC13BE141} = {0AB3BF05-4346-4AA6-1389-037BE0695223}
	EndGlobalSection
EndGlobal
